
Microsoft Visual Studio Solution File, Format Version 12.00
# Visual Studio Version 17
VisualStudioVersion = 17.14.37203.1 d17.14
MinimumVisualStudioVersion = 10.0.40219.1
Project("{FAE04EC0-301F-11D3-BF4B-00C04F79EFBC}") = "APS-AWS-S3-C", "APS-AWS-S3-C\APS-AWS-S3-C.csproj", "{3A1E5884-F613-44F5-B376-413EF524AD7D}"
EndProject
Global
	GlobalSection(SolutionConfigurationPlatforms) = preSolution
		Debug|Any CPU = Debug|Any CPU
		Release|Any CPU = Release|Any CPU
	EndGlobalSection
	GlobalSection(ProjectConfigurationPlatforms) = postSolution
		{3A1E5884-F613-44F5-B376-413EF524AD7D}.Debug|Any CPU.ActiveCfg = Debug|Any CPU
		{3A1E5884-F613-44F5-B376-413EF524AD7D}.Debug|Any CPU.Build.0 = Debug|Any CPU
		{3A1E5884-F613-44F5-B376-413EF524AD7D}.Release|Any CPU.ActiveCfg = Release|Any CPU
		{3A1E5884-F613-44F5-B376-413EF524AD7D}.Release|Any CPU.Build.0 = Release|Any CPU
	EndGlobalSection
	GlobalSection(SolutionProperties) = preSolution
		HideSolutionNode = FALSE
	EndGlobalSection
	GlobalSection(ExtensibilityGlobals) = postSolution
		SolutionGuid = {0417BF8A-5336-4678-AF47-28E33DE64FFA}
	EndGlobalSection
EndGlobal
